
Microsoft Visual Studio Solution File, Format Version 12.00
# Visual Studio 15
VisualStudioVersion = 15.0.26730.12
MinimumVisualStudioVersion = 10.0.40219.1
Project("{9A19103F-16F7-4668-BE54-9A1E7A4F7556}") = "GuiLabs.MathParser", "src\GuiLabs.MathParser\GuiLabs.MathParser.csproj", "{2BE79907-19D6-41AE-B287-9AE8773E2A95}"
EndProject
Project("{FAE04EC0-301F-11D3-BF4B-00C04F79EFBC}") = "GuiLabs.MathParser.Tests", "src\GuiLabs.MathParser.Tests\GuiLabs.MathParser.Tests.csproj", "{67A89CBA-1FC4-4DB3-A787-0ED5A3D46490}"
EndProject
Global
	GlobalSection(SolutionConfigurationPlatforms) = preSolution
		Debug|Any CPU = Debug|Any CPU
		Release|Any CPU = Release|Any CPU
	EndGlobalSection
	GlobalSection(ProjectConfigurationPlatforms) = postSolution
		{2BE79907-19D6-41AE-B287-9AE8773E2A95}.Debug|Any CPU.ActiveCfg = Debug|Any CPU
		{2BE79907-19D6-41AE-B287-9AE8773E2A95}.Debug|Any CPU.Build.0 = Debug|Any CPU
		{2BE79907-19D6-41AE-B287-9AE8773E2A95}.Release|Any CPU.ActiveCfg = Release|Any CPU
		{2BE79907-19D6-41AE-B287-9AE8773E2A95}.Release|Any CPU.Build.0 = Release|Any CPU
		{67A89CBA-1FC4-4DB3-A787-0ED5A3D46490}.Debug|Any CPU.ActiveCfg = Debug|Any CPU
		{67A89CBA-1FC4-4DB3-A787-0ED5A3D46490}.Debug|Any CPU.Build.0 = Debug|Any CPU
		{67A89CBA-1FC4-4DB3-A787-0ED5A3D46490}.Release|Any CPU.ActiveCfg = Release|Any CPU
		{67A89CBA-1FC4-4DB3-A787-0ED5A3D46490}.Release|Any CPU.Build.0 = Release|Any CPU
	EndGlobalSection
	GlobalSection(SolutionProperties) = preSolution
		HideSolutionNode = FALSE
	EndGlobalSection
	GlobalSection(ExtensibilityGlobals) = postSolution
		SolutionGuid = {23D9E77A-4B9C-450B-ADBE-D1556BD3787B}
	EndGlobalSection
EndGlobal
